
Microsoft Visual Studio Solution File, Format Version 12.00
# Visual Studio Version 17
VisualStudioVersion = 17.14.36121.58 d17.14
MinimumVisualStudioVersion = 10.0.40219.1
Project("{FAE04EC0-301F-11D3-BF4B-00C04F79EFBC}") = "ServiciosWebCS", "ServiciosWebCS\ServiciosWebCS.csproj", "{28974D06-3AE7-4D60-950F-20BF69F4042D}"
EndProject
Global
	GlobalSection(SolutionConfigurationPlatforms) = preSolution
		Debug|Any CPU = Debug|Any CPU
		Release|Any CPU = Release|Any CPU
	EndGlobalSection
	GlobalSection(ProjectConfigurationPlatforms) = postSolution
		{28974D06-3AE7-4D60-950F-20BF69F4042D}.Debug|Any CPU.ActiveCfg = Debug|Any CPU
		{28974D06-3AE7-4D60-950F-20BF69F4042D}.Debug|Any CPU.Build.0 = Debug|Any CPU
		{28974D06-3AE7-4D60-950F-20BF69F4042D}.Release|Any CPU.ActiveCfg = Release|Any CPU
		{28974D06-3AE7-4D60-950F-20BF69F4042D}.Release|Any CPU.Build.0 = Release|Any CPU
	EndGlobalSection
	GlobalSection(SolutionProperties) = preSolution
		HideSolutionNode = FALSE
	EndGlobalSection
	GlobalSection(ExtensibilityGlobals) = postSolution
		SolutionGuid = {DA404665-3488-4C1A-9A1A-173261765F45}
	EndGlobalSection
EndGlobal
