
Microsoft Visual Studio Solution File, Format Version 12.00
# Visual Studio Version 17
VisualStudioVersion = 17.14.36121.58 d17.14
MinimumVisualStudioVersion = 10.0.40219.1
Project("{FAE04EC0-301F-11D3-BF4B-00C04F79EFBC}") = "GesTienda", "GesTienda\GesTienda.csproj", "{E42DB0D6-A5A4-417C-A16F-E728DC668BEB}"
EndProject
Global
	GlobalSection(SolutionConfigurationPlatforms) = preSolution
		Debug|Any CPU = Debug|Any CPU
		Release|Any CPU = Release|Any CPU
	EndGlobalSection
	GlobalSection(ProjectConfigurationPlatforms) = postSolution
		{E42DB0D6-A5A4-417C-A16F-E728DC668BEB}.Debug|Any CPU.ActiveCfg = Debug|Any CPU
		{E42DB0D6-A5A4-417C-A16F-E728DC668BEB}.Debug|Any CPU.Build.0 = Debug|Any CPU
		{E42DB0D6-A5A4-417C-A16F-E728DC668BEB}.Release|Any CPU.ActiveCfg = Release|Any CPU
		{E42DB0D6-A5A4-417C-A16F-E728DC668BEB}.Release|Any CPU.Build.0 = Release|Any CPU
	EndGlobalSection
	GlobalSection(SolutionProperties) = preSolution
		HideSolutionNode = FALSE
	EndGlobalSection
	GlobalSection(ExtensibilityGlobals) = postSolution
		SolutionGuid = {6307B6BA-66C6-4891-8B50-2D2B124B6610}
	EndGlobalSection
EndGlobal
