
Microsoft Visual Studio Solution File, Format Version 12.00
# Visual Studio Version 17
VisualStudioVersion = 17.14.36121.58 d17.14
MinimumVisualStudioVersion = 10.0.40219.1
Project("{FAE04EC0-301F-11D3-BF4B-00C04F79EFBC}") = "Factura", "Factura\Factura.csproj", "{0FBB222E-A629-4323-9DD5-95A89CA561FC}"
EndProject
Global
	GlobalSection(SolutionConfigurationPlatforms) = preSolution
		Debug|Any CPU = Debug|Any CPU
		Release|Any CPU = Release|Any CPU
	EndGlobalSection
	GlobalSection(ProjectConfigurationPlatforms) = postSolution
		{0FBB222E-A629-4323-9DD5-95A89CA561FC}.Debug|Any CPU.ActiveCfg = Debug|Any CPU
		{0FBB222E-A629-4323-9DD5-95A89CA561FC}.Debug|Any CPU.Build.0 = Debug|Any CPU
		{0FBB222E-A629-4323-9DD5-95A89CA561FC}.Release|Any CPU.ActiveCfg = Release|Any CPU
		{0FBB222E-A629-4323-9DD5-95A89CA561FC}.Release|Any CPU.Build.0 = Release|Any CPU
	EndGlobalSection
	GlobalSection(SolutionProperties) = preSolution
		HideSolutionNode = FALSE
	EndGlobalSection
	GlobalSection(ExtensibilityGlobals) = postSolution
		SolutionGuid = {86E01C98-D188-43CA-8A2F-1A484D14652A}
	EndGlobalSection
EndGlobal
